{
  "originHash" : "45b433311a2fb9942e0f738103ceac1ed1c5c4a3a0883355a9ed97442b33d995",
  "pins" : [
    {
      "identity" : "decodeencodegeneric",
      "kind" : "remoteSourceControl",
      "location" : "https://github.com/rsyncOSX/DecodeEncodeGeneric",
      "state" : {
        "revision" : "b5ecbbbe1b244191efec1532a979f6ae342d6617",
        "version" : "1.0.0"
      }
    },
    {
      "identity" : "rawcullcore",
      "kind" : "remoteSourceControl",
      "location" : "https://github.com/rsyncOSX/RawCullCore.git",
      "state" : {
        "revision" : "91138b766390dd60c537c4f3846f79bb83dead9c",
        "version" : "1.1.0"
      }
    },
    {
      "identity" : "rawparserkit",
      "kind" : "remoteSourceControl",
      "location" : "https://github.com/rsyncOSX/RawParserKit.git",
      "state" : {
        "revision" : "408a5eb280fe882c859fff28935015bc21578f5d",
        "version" : "1.1.5"
      }
    }
  ],
  "version" : 3
}
