{
  "originHash" : "164c28aa873cac3e35edc53f251883bd7768516cf83f2cae91c7fc6e2e370cdb",
  "pins" : [
    {
      "identity" : "decodeencodegeneric",
      "kind" : "remoteSourceControl",
      "location" : "https://github.com/rsyncOSX/DecodeEncodeGeneric",
      "state" : {
        "revision" : "b5ecbbbe1b244191efec1532a979f6ae342d6617",
        "version" : "1.0.0"
      }
    },
    {
      "identity" : "rawcullcore",
      "kind" : "remoteSourceControl",
      "location" : "https://github.com/rsyncOSX/RawCullCore.git",
      "state" : {
        "revision" : "91138b766390dd60c537c4f3846f79bb83dead9c",
        "version" : "1.1.0"
      }
    },
    {
      "identity" : "rawparserkit",
      "kind" : "remoteSourceControl",
      "location" : "https://github.com/rsyncOSX/RawParserKit",
      "state" : {
        "revision" : "be6e28d641d9f19703d5032fe41679835cdeca0d",
        "version" : "1.2.0"
      }
    }
  ],
  "version" : 3
}
