// !$*UTF8*$!
{
	archiveVersion = 1;
	classes = {
	};
	objectVersion = 77;
	objects = {

/* Begin PBXBuildFile section */
		E90E89EB3028D8D3009F6BCB /* CoreAICLIPBackend in Frameworks */ = {isa = PBXBuildFile; productRef = E90E89EA3028D8D3009F6BCB /* CoreAICLIPBackend */; };
		E90E89ED3028D8D3009F6BCB /* CoreAIEfficientSAMBackend in Frameworks */ = {isa = PBXBuildFile; productRef = E90E89EC3028D8D3009F6BCB /* CoreAIEfficientSAMBackend */; };
		E90E89EF3028D8D3009F6BCB /* CoreAISAM3Backend in Frameworks */ = {isa = PBXBuildFile; productRef = E90E89EE3028D8D3009F6BCB /* CoreAISAM3Backend */; };
		E90E89F13028D8D3009F6BCB /* PhotoAIContracts in Frameworks */ = {isa = PBXBuildFile; productRef = E90E89F03028D8D3009F6BCB /* PhotoAIContracts */; };
		E90E89F33028D8D3009F6BCB /* PhotoAIStorage in Frameworks */ = {isa = PBXBuildFile; productRef = E90E89F23028D8D3009F6BCB /* PhotoAIStorage */; };
		E90E89F53028D8D3009F6BCB /* PhotoAIWorkflows in Frameworks */ = {isa = PBXBuildFile; productRef = E90E89F43028D8D3009F6BCB /* PhotoAIWorkflows */; };
		E90E89F73028D8D3009F6BCB /* VisionFeaturePrintBackend in Frameworks */ = {isa = PBXBuildFile; productRef = E90E89F63028D8D3009F6BCB /* VisionFeaturePrintBackend */; };
		E90ED2132FE07ABB0034DF74 /* Assets.xcassets in Resources */ = {isa = PBXBuildFile; fileRef = E90ED2082FE07ABB0034DF74 /* Assets.xcassets */; };
		E90ED21F2FE07AF50034DF74 /* RawCullFBicon.icon in Resources */ = {isa = PBXBuildFile; fileRef = E90ED21E2FE07AF50034DF74 /* RawCullFBicon.icon */; };
		E9BCDDC92FF6962A004A4A95 /* RawParserKit in Frameworks */ = {isa = PBXBuildFile; productRef = E9BCDDC82FF6962A004A4A95 /* RawParserKit */; };
		FB0000010000000000000001 /* RawCullCore in Frameworks */ = {isa = PBXBuildFile; productRef = FB0000010000000000000011 /* RawCullCore */; };
		FD0000010000000000000001 /* BackgroundAssets.framework in Frameworks */ = {isa = PBXBuildFile; fileRef = FD0000010000000000000005 /* BackgroundAssets.framework */; };
		FD0000010000000000000002 /* RawCullFBModelDownloader.appex in Embed ExtensionKit Extensions */ = {isa = PBXBuildFile; fileRef = FD0000010000000000000004 /* RawCullFBModelDownloader.appex */; settings = {ATTRIBUTES = (RemoveHeadersOnCopy, ); }; };
/* End PBXBuildFile section */

/* Begin PBXContainerItemProxy section */
		FA1000010000000000000018 /* PBXContainerItemProxy */ = {
			isa = PBXContainerItemProxy;
			containerPortal = FB000001000000000000000D /* Project object */;
			proxyType = 1;
			remoteGlobalIDString = FB0000010000000000000009;
			remoteInfo = RawCullFB;
		};
		FD0000010000000000000003 /* PBXContainerItemProxy */ = {
			isa = PBXContainerItemProxy;
			containerPortal = FB000001000000000000000D /* Project object */;
			proxyType = 1;
			remoteGlobalIDString = FD0000010000000000000009;
			remoteInfo = RawCullFBModelDownloader;
		};
/* End PBXContainerItemProxy section */

/* Begin PBXCopyFilesBuildPhase section */
		FD000001000000000000000C /* Embed ExtensionKit Extensions */ = {
			isa = PBXCopyFilesBuildPhase;
			buildActionMask = 2147483647;
			dstPath = "$(EXTENSIONS_FOLDER_PATH)";
			dstSubfolderSpec = 16;
			files = (
				FD0000010000000000000002 /* RawCullFBModelDownloader.appex in Embed ExtensionKit Extensions */,
			);
			name = "Embed ExtensionKit Extensions";
			runOnlyForDeploymentPostprocessing = 0;
		};
/* End PBXCopyFilesBuildPhase section */

/* Begin PBXFileReference section */
		E90ED2082FE07ABB0034DF74 /* Assets.xcassets */ = {isa = PBXFileReference; lastKnownFileType = folder.assetcatalog; path = Assets.xcassets; sourceTree = "<group>"; };
		E90ED21E2FE07AF50034DF74 /* RawCullFBicon.icon */ = {isa = PBXFileReference; lastKnownFileType = folder.iconcomposer.icon; path = RawCullFBicon.icon; sourceTree = "<group>"; };
		FA1000010000000000000003 /* RawCullFBTests.xctest */ = {isa = PBXFileReference; explicitFileType = wrapper.cfbundle; includeInIndex = 0; path = RawCullFBTests.xctest; sourceTree = BUILT_PRODUCTS_DIR; };
		FB0000010000000000000003 /* RawCullFB.app */ = {isa = PBXFileReference; explicitFileType = wrapper.application; includeInIndex = 0; path = RawCullFB.app; sourceTree = BUILT_PRODUCTS_DIR; };
		FD0000010000000000000004 /* RawCullFBModelDownloader.appex */ = {isa = PBXFileReference; explicitFileType = "wrapper.extensionkit-extension"; includeInIndex = 0; path = RawCullFBModelDownloader.appex; sourceTree = BUILT_PRODUCTS_DIR; };
		FD0000010000000000000005 /* BackgroundAssets.framework */ = {isa = PBXFileReference; lastKnownFileType = wrapper.framework; name = BackgroundAssets.framework; path = System/Library/Frameworks/BackgroundAssets.framework; sourceTree = SDKROOT; };
		FD0000010000000000000012 /* RawCullFB.entitlements */ = {isa = PBXFileReference; lastKnownFileType = text.plist.entitlements; path = RawCullFB.entitlements; sourceTree = "<group>"; };
		FD0000010000000000000013 /* RawCullFB-Info.plist */ = {isa = PBXFileReference; lastKnownFileType = text.plist.xml; path = "RawCullFB-Info.plist"; sourceTree = "<group>"; };
/* End PBXFileReference section */

/* Begin PBXFileSystemSynchronizedBuildFileExceptionSet section */
		FD0000010000000000000011 /* Exceptions for "RawCullFBModelDownloader" folder in "RawCullFBModelDownloader" target */ = {
			isa = PBXFileSystemSynchronizedBuildFileExceptionSet;
			membershipExceptions = (
				Info.plist,
			);
			target = FD0000010000000000000009 /* RawCullFBModelDownloader */;
		};
/* End PBXFileSystemSynchronizedBuildFileExceptionSet section */

/* Begin PBXFileSystemSynchronizedRootGroup section */
		FA1000010000000000000005 /* RawCullFBTests */ = {
			isa = PBXFileSystemSynchronizedRootGroup;
			path = RawCullFBTests;
			sourceTree = "<group>";
		};
		FB0000010000000000000005 /* RawCullFB */ = {
			isa = PBXFileSystemSynchronizedRootGroup;
			path = RawCullFB;
			sourceTree = "<group>";
		};
		FD0000010000000000000006 /* RawCullFBModelDownloader */ = {
			isa = PBXFileSystemSynchronizedRootGroup;
			exceptions = (
				FD0000010000000000000011 /* Exceptions for "RawCullFBModelDownloader" folder in "RawCullFBModelDownloader" target */,
			);
			path = RawCullFBModelDownloader;
			sourceTree = "<group>";
		};
/* End PBXFileSystemSynchronizedRootGroup section */

/* Begin PBXFrameworksBuildPhase section */
		FA1000010000000000000006 /* Frameworks */ = {
			isa = PBXFrameworksBuildPhase;
			buildActionMask = 2147483647;
			files = (
			);
			runOnlyForDeploymentPostprocessing = 0;
		};
		FB0000010000000000000006 /* Frameworks */ = {
			isa = PBXFrameworksBuildPhase;
			buildActionMask = 2147483647;
			files = (
				E90E89F13028D8D3009F6BCB /* PhotoAIContracts in Frameworks */,
				E90E89EB3028D8D3009F6BCB /* CoreAICLIPBackend in Frameworks */,
				E90E89F73028D8D3009F6BCB /* VisionFeaturePrintBackend in Frameworks */,
				E90E89ED3028D8D3009F6BCB /* CoreAIEfficientSAMBackend in Frameworks */,
				E90E89EF3028D8D3009F6BCB /* CoreAISAM3Backend in Frameworks */,
				FB0000010000000000000001 /* RawCullCore in Frameworks */,
				E90E89F53028D8D3009F6BCB /* PhotoAIWorkflows in Frameworks */,
				E9BCDDC92FF6962A004A4A95 /* RawParserKit in Frameworks */,
				E90E89F33028D8D3009F6BCB /* PhotoAIStorage in Frameworks */,
			);
			runOnlyForDeploymentPostprocessing = 0;
		};
		FD0000010000000000000008 /* Frameworks */ = {
			isa = PBXFrameworksBuildPhase;
			buildActionMask = 2147483647;
			files = (
				FD0000010000000000000001 /* BackgroundAssets.framework in Frameworks */,
			);
			runOnlyForDeploymentPostprocessing = 0;
		};
/* End PBXFrameworksBuildPhase section */

/* Begin PBXGroup section */
		FB0000010000000000000007 = {
			isa = PBXGroup;
			children = (
				E90ED2082FE07ABB0034DF74 /* Assets.xcassets */,
				E90ED21E2FE07AF50034DF74 /* RawCullFBicon.icon */,
				FD0000010000000000000013 /* RawCullFB-Info.plist */,
				FD0000010000000000000012 /* RawCullFB.entitlements */,
				FB0000010000000000000005 /* RawCullFB */,
				FA1000010000000000000005 /* RawCullFBTests */,
				FD0000010000000000000006 /* RawCullFBModelDownloader */,
				FD0000010000000000000007 /* Frameworks */,
				FB0000010000000000000008 /* Products */,
			);
			sourceTree = "<group>";
		};
		FB0000010000000000000008 /* Products */ = {
			isa = PBXGroup;
			children = (
				FB0000010000000000000003 /* RawCullFB.app */,
				FA1000010000000000000003 /* RawCullFBTests.xctest */,
				FD0000010000000000000004 /* RawCullFBModelDownloader.appex */,
			);
			name = Products;
			sourceTree = "<group>";
		};
		FD0000010000000000000007 /* Frameworks */ = {
			isa = PBXGroup;
			children = (
				FD0000010000000000000005 /* BackgroundAssets.framework */,
			);
			name = Frameworks;
			sourceTree = "<group>";
		};
/* End PBXGroup section */

/* Begin PBXNativeTarget section */
		FA1000010000000000000009 /* RawCullFBTests */ = {
			isa = PBXNativeTarget;
			buildConfigurationList = FA100001000000000000000A /* Build configuration list for PBXNativeTarget "RawCullFBTests" */;
			buildPhases = (
				FA100001000000000000000B /* Sources */,
				FA1000010000000000000006 /* Frameworks */,
			);
			buildRules = (
			);
			dependencies = (
				FA1000010000000000000017 /* PBXTargetDependency */,
			);
			fileSystemSynchronizedGroups = (
				FA1000010000000000000005 /* RawCullFBTests */,
			);
			name = RawCullFBTests;
			packageProductDependencies = (
			);
			productName = RawCullFBTests;
			productReference = FA1000010000000000000003 /* RawCullFBTests.xctest */;
			productType = "com.apple.product-type.bundle.unit-test";
		};
		FB0000010000000000000009 /* RawCullFB */ = {
			isa = PBXNativeTarget;
			buildConfigurationList = FB000001000000000000000A /* Build configuration list for PBXNativeTarget "RawCullFB" */;
			buildPhases = (
				FB000001000000000000000B /* Sources */,
				FB0000010000000000000006 /* Frameworks */,
				FB000001000000000000000C /* Resources */,
				FD000001000000000000000C /* Embed ExtensionKit Extensions */,
			);
			buildRules = (
			);
			dependencies = (
				FD000001000000000000000D /* PBXTargetDependency */,
			);
			fileSystemSynchronizedGroups = (
				FB0000010000000000000005 /* RawCullFB */,
			);
			name = RawCullFB;
			packageProductDependencies = (
				FB0000010000000000000011 /* RawCullCore */,
				E9BCDDC82FF6962A004A4A95 /* RawParserKit */,
				E90E89EA3028D8D3009F6BCB /* CoreAICLIPBackend */,
				E90E89EC3028D8D3009F6BCB /* CoreAIEfficientSAMBackend */,
				E90E89EE3028D8D3009F6BCB /* CoreAISAM3Backend */,
				E90E89F03028D8D3009F6BCB /* PhotoAIContracts */,
				E90E89F23028D8D3009F6BCB /* PhotoAIStorage */,
				E90E89F43028D8D3009F6BCB /* PhotoAIWorkflows */,
				E90E89F63028D8D3009F6BCB /* VisionFeaturePrintBackend */,
			);
			productName = RawCullFB;
			productReference = FB0000010000000000000003 /* RawCullFB.app */;
			productType = "com.apple.product-type.application";
		};
		FD0000010000000000000009 /* RawCullFBModelDownloader */ = {
			isa = PBXNativeTarget;
			buildConfigurationList = FD0000010000000000000010 /* Build configuration list for PBXNativeTarget "RawCullFBModelDownloader" */;
			buildPhases = (
				FD000001000000000000000B /* Sources */,
				FD0000010000000000000008 /* Frameworks */,
				FD000001000000000000000A /* Resources */,
			);
			buildRules = (
			);
			dependencies = (
			);
			fileSystemSynchronizedGroups = (
				FD0000010000000000000006 /* RawCullFBModelDownloader */,
			);
			name = RawCullFBModelDownloader;
			packageProductDependencies = (
			);
			productName = RawCullFBModelDownloader;
			productReference = FD0000010000000000000004 /* RawCullFBModelDownloader.appex */;
			productType = "com.apple.product-type.extensionkit-extension";
		};
/* End PBXNativeTarget section */

/* Begin PBXProject section */
		FB000001000000000000000D /* Project object */ = {
			isa = PBXProject;
			attributes = {
				BuildIndependentTargetsInParallel = 1;
				LastSwiftUpdateCheck = 2620;
				LastUpgradeCheck = 2700;
				TargetAttributes = {
					FA1000010000000000000009 = {
						CreatedOnToolsVersion = 27.0;
						TestTargetID = FB0000010000000000000009;
					};
					FB0000010000000000000009 = {
						CreatedOnToolsVersion = 26.2;
					};
					FD0000010000000000000009 = {
						CreatedOnToolsVersion = 27.0;
					};
				};
			};
			buildConfigurationList = FB000001000000000000000E /* Build configuration list for PBXProject "RawCullFB" */;
			developmentRegion = en;
			hasScannedForEncodings = 0;
			knownRegions = (
				en,
				Base,
			);
			mainGroup = FB0000010000000000000007;
			minimizedProjectReferenceProxies = 1;
			packageReferences = (
				FB000001000000000000000F /* XCRemoteSwiftPackageReference "RawCullCore" */,
				E9BCDDC72FF6962A004A4A95 /* XCRemoteSwiftPackageReference "RawParserKit" */,
				E90E89E93028D8D3009F6BCB /* XCRemoteSwiftPackageReference "PhotoAIKit" */,
			);
			preferredProjectObjectVersion = 77;
			productRefGroup = FB0000010000000000000008 /* Products */;
			projectDirPath = "";
			projectRoot = "";
			targets = (
				FB0000010000000000000009 /* RawCullFB */,
				FA1000010000000000000009 /* RawCullFBTests */,
				FD0000010000000000000009 /* RawCullFBModelDownloader */,
			);
		};
/* End PBXProject section */

/* Begin PBXResourcesBuildPhase section */
		FB000001000000000000000C /* Resources */ = {
			isa = PBXResourcesBuildPhase;
			buildActionMask = 2147483647;
			files = (
				E90ED21F2FE07AF50034DF74 /* RawCullFBicon.icon in Resources */,
				E90ED2132FE07ABB0034DF74 /* Assets.xcassets in Resources */,
			);
			runOnlyForDeploymentPostprocessing = 0;
		};
		FD000001000000000000000A /* Resources */ = {
			isa = PBXResourcesBuildPhase;
			buildActionMask = 2147483647;
			files = (
			);
			runOnlyForDeploymentPostprocessing = 0;
		};
/* End PBXResourcesBuildPhase section */

/* Begin PBXSourcesBuildPhase section */
		FA100001000000000000000B /* Sources */ = {
			isa = PBXSourcesBuildPhase;
			buildActionMask = 2147483647;
			files = (
			);
			runOnlyForDeploymentPostprocessing = 0;
		};
		FB000001000000000000000B /* Sources */ = {
			isa = PBXSourcesBuildPhase;
			buildActionMask = 2147483647;
			files = (
			);
			runOnlyForDeploymentPostprocessing = 0;
		};
		FD000001000000000000000B /* Sources */ = {
			isa = PBXSourcesBuildPhase;
			buildActionMask = 2147483647;
			files = (
			);
			runOnlyForDeploymentPostprocessing = 0;
		};
/* End PBXSourcesBuildPhase section */

/* Begin PBXTargetDependency section */
		FA1000010000000000000017 /* PBXTargetDependency */ = {
			isa = PBXTargetDependency;
			target = FB0000010000000000000009 /* RawCullFB */;
			targetProxy = FA1000010000000000000018 /* PBXContainerItemProxy */;
		};
		FD000001000000000000000D /* PBXTargetDependency */ = {
			isa = PBXTargetDependency;
			target = FD0000010000000000000009 /* RawCullFBModelDownloader */;
			targetProxy = FD0000010000000000000003 /* PBXContainerItemProxy */;
		};
/* End PBXTargetDependency section */

/* Begin XCBuildConfiguration section */
		FA1000010000000000000015 /* Debug */ = {
			isa = XCBuildConfiguration;
			buildSettings = {
				BUNDLE_LOADER = "$(TEST_HOST)";
				CODE_SIGN_STYLE = Automatic;
				CURRENT_PROJECT_VERSION = 1;
				DEVELOPMENT_TEAM = 93M47F4H9T;
				GENERATE_INFOPLIST_FILE = YES;
				MACOSX_DEPLOYMENT_TARGET = 27.0;
				PRODUCT_BUNDLE_IDENTIFIER = no.blogspot.RawCullFBTests;
				PRODUCT_NAME = "$(TARGET_NAME)";
				SWIFT_DEFAULT_ACTOR_ISOLATION = MainActor;
				SWIFT_VERSION = 6.0;
				TEST_HOST = "$(BUILT_PRODUCTS_DIR)/RawCullFB.app/Contents/MacOS/RawCullFB";
			};
			name = Debug;
		};
		FA1000010000000000000016 /* Release */ = {
			isa = XCBuildConfiguration;
			buildSettings = {
				BUNDLE_LOADER = "$(TEST_HOST)";
				CODE_SIGN_STYLE = Automatic;
				CURRENT_PROJECT_VERSION = 1;
				DEVELOPMENT_TEAM = 93M47F4H9T;
				GENERATE_INFOPLIST_FILE = YES;
				MACOSX_DEPLOYMENT_TARGET = 27.0;
				PRODUCT_BUNDLE_IDENTIFIER = no.blogspot.RawCullFBTests;
				PRODUCT_NAME = "$(TARGET_NAME)";
				SWIFT_DEFAULT_ACTOR_ISOLATION = MainActor;
				SWIFT_VERSION = 6.0;
				TEST_HOST = "$(BUILT_PRODUCTS_DIR)/RawCullFB.app/Contents/MacOS/RawCullFB";
			};
			name = Release;
		};
		FB0000010000000000000013 /* Debug */ = {
			isa = XCBuildConfiguration;
			buildSettings = {
				ALWAYS_SEARCH_USER_PATHS = NO;
				ARCHS = arm64;
				ASSETCATALOG_COMPILER_GENERATE_SWIFT_ASSET_SYMBOL_EXTENSIONS = YES;
				CLANG_ANALYZER_NONNULL = YES;
				CLANG_ANALYZER_NUMBER_OBJECT_CONVERSION = YES_AGGRESSIVE;
				CLANG_CXX_LANGUAGE_STANDARD = "gnu++20";
				CLANG_ENABLE_MODULES = YES;
				CLANG_ENABLE_OBJC_ARC = YES;
				CLANG_ENABLE_OBJC_WEAK = YES;
				CLANG_WARN_BLOCK_CAPTURE_AUTORELEASING = YES;
				CLANG_WARN_BOOL_CONVERSION = YES;
				CLANG_WARN_COMMA = YES;
				CLANG_WARN_CONSTANT_CONVERSION = YES;
				CLANG_WARN_DEPRECATED_OBJC_IMPLEMENTATIONS = YES;
				CLANG_WARN_DIRECT_OBJC_ISA_USAGE = YES_ERROR;
				CLANG_WARN_DOCUMENTATION_COMMENTS = YES;
				CLANG_WARN_EMPTY_BODY = YES;
				CLANG_WARN_ENUM_CONVERSION = YES;
				CLANG_WARN_INFINITE_RECURSION = YES;
				CLANG_WARN_INT_CONVERSION = YES;
				CLANG_WARN_NON_LITERAL_NULL_CONVERSION = YES;
				CLANG_WARN_OBJC_IMPLICIT_RETAIN_SELF = YES;
				CLANG_WARN_OBJC_LITERAL_CONVERSION = YES;
				CLANG_WARN_OBJC_ROOT_CLASS = YES_ERROR;
				CLANG_WARN_QUOTED_INCLUDE_IN_FRAMEWORK_HEADER = YES;
				CLANG_WARN_RANGE_LOOP_ANALYSIS = YES;
				CLANG_WARN_STRICT_PROTOTYPES = YES;
				CLANG_WARN_SUSPICIOUS_MOVE = YES;
				CLANG_WARN_UNGUARDED_AVAILABILITY = YES_AGGRESSIVE;
				CLANG_WARN_UNREACHABLE_CODE = YES;
				CLANG_WARN__DUPLICATE_METHOD_MATCH = YES;
				COPY_PHASE_STRIP = NO;
				DEAD_CODE_STRIPPING = YES;
				DEBUG_INFORMATION_FORMAT = dwarf;
				DEVELOPMENT_TEAM = 93M47F4H9T;
				ENABLE_STRICT_OBJC_MSGSEND = YES;
				ENABLE_TESTABILITY = YES;
				ENABLE_USER_SCRIPT_SANDBOXING = NO;
				GCC_C_LANGUAGE_STANDARD = gnu17;
				GCC_DYNAMIC_NO_PIC = NO;
				GCC_NO_COMMON_BLOCKS = YES;
				GCC_OPTIMIZATION_LEVEL = 0;
				GCC_PREPROCESSOR_DEFINITIONS = (
					"DEBUG=1",
					"$(inherited)",
				);
				GCC_WARN_64_TO_32_BIT_CONVERSION = YES;
				GCC_WARN_ABOUT_RETURN_TYPE = YES_ERROR;
				GCC_WARN_UNDECLARED_SELECTOR = YES;
				GCC_WARN_UNINITIALIZED_AUTOS = YES_AGGRESSIVE;
				GCC_WARN_UNUSED_FUNCTION = YES;
				GCC_WARN_UNUSED_VARIABLE = YES;
				LOCALIZATION_PREFERS_STRING_CATALOGS = YES;
				MACOSX_DEPLOYMENT_TARGET = 27.0;
				MTL_ENABLE_DEBUG_INFO = INCLUDE_SOURCE;
				MTL_FAST_MATH = YES;
				ONLY_ACTIVE_ARCH = YES;
				SDKROOT = macosx;
				STRING_CATALOG_GENERATE_SYMBOLS = YES;
				SWIFT_ACTIVE_COMPILATION_CONDITIONS = "DEBUG $(inherited)";
				SWIFT_OPTIMIZATION_LEVEL = "-Onone";
			};
			name = Debug;
		};
		FB0000010000000000000014 /* Release */ = {
			isa = XCBuildConfiguration;
			buildSettings = {
				ALWAYS_SEARCH_USER_PATHS = NO;
				ARCHS = arm64;
				ASSETCATALOG_COMPILER_GENERATE_SWIFT_ASSET_SYMBOL_EXTENSIONS = YES;
				CLANG_ANALYZER_NONNULL = YES;
				CLANG_ANALYZER_NUMBER_OBJECT_CONVERSION = YES_AGGRESSIVE;
				CLANG_CXX_LANGUAGE_STANDARD = "gnu++20";
				CLANG_ENABLE_MODULES = YES;
				CLANG_ENABLE_OBJC_ARC = YES;
				CLANG_ENABLE_OBJC_WEAK = YES;
				CLANG_WARN_BLOCK_CAPTURE_AUTORELEASING = YES;
				CLANG_WARN_BOOL_CONVERSION = YES;
				CLANG_WARN_COMMA = YES;
				CLANG_WARN_CONSTANT_CONVERSION = YES;
				CLANG_WARN_DEPRECATED_OBJC_IMPLEMENTATIONS = YES;
				CLANG_WARN_DIRECT_OBJC_ISA_USAGE = YES_ERROR;
				CLANG_WARN_DOCUMENTATION_COMMENTS = YES;
				CLANG_WARN_EMPTY_BODY = YES;
				CLANG_WARN_ENUM_CONVERSION = YES;
				CLANG_WARN_INFINITE_RECURSION = YES;
				CLANG_WARN_INT_CONVERSION = YES;
				CLANG_WARN_NON_LITERAL_NULL_CONVERSION = YES;
				CLANG_WARN_OBJC_IMPLICIT_RETAIN_SELF = YES;
				CLANG_WARN_OBJC_LITERAL_CONVERSION = YES;
				CLANG_WARN_OBJC_ROOT_CLASS = YES_ERROR;
				CLANG_WARN_QUOTED_INCLUDE_IN_FRAMEWORK_HEADER = YES;
				CLANG_WARN_RANGE_LOOP_ANALYSIS = YES;
				CLANG_WARN_STRICT_PROTOTYPES = YES;
				CLANG_WARN_SUSPICIOUS_MOVE = YES;
				CLANG_WARN_UNGUARDED_AVAILABILITY = YES_AGGRESSIVE;
				CLANG_WARN_UNREACHABLE_CODE = YES;
				CLANG_WARN__DUPLICATE_METHOD_MATCH = YES;
				COPY_PHASE_STRIP = NO;
				DEAD_CODE_STRIPPING = YES;
				DEBUG_INFORMATION_FORMAT = "dwarf-with-dsym";
				DEVELOPMENT_TEAM = 93M47F4H9T;
				ENABLE_NS_ASSERTIONS = NO;
				ENABLE_STRICT_OBJC_MSGSEND = YES;
				ENABLE_USER_SCRIPT_SANDBOXING = NO;
				GCC_C_LANGUAGE_STANDARD = gnu17;
				GCC_NO_COMMON_BLOCKS = YES;
				GCC_WARN_64_TO_32_BIT_CONVERSION = YES;
				GCC_WARN_ABOUT_RETURN_TYPE = YES_ERROR;
				GCC_WARN_UNDECLARED_SELECTOR = YES;
				GCC_WARN_UNINITIALIZED_AUTOS = YES_AGGRESSIVE;
				GCC_WARN_UNUSED_FUNCTION = YES;
				GCC_WARN_UNUSED_VARIABLE = YES;
				LOCALIZATION_PREFERS_STRING_CATALOGS = YES;
				MACOSX_DEPLOYMENT_TARGET = 27.0;
				MTL_ENABLE_DEBUG_INFO = NO;
				MTL_FAST_MATH = YES;
				SDKROOT = macosx;
				STRING_CATALOG_GENERATE_SYMBOLS = YES;
				SWIFT_COMPILATION_MODE = wholemodule;
			};
			name = Release;
		};
		FB0000010000000000000015 /* Debug */ = {
			isa = XCBuildConfiguration;
			buildSettings = {
				ASSETCATALOG_COMPILER_APPICON_NAME = RawCullFBicon;
				AUTOMATION_APPLE_EVENTS = NO;
				CODE_SIGN_ENTITLEMENTS = RawCullFB.entitlements;
				CODE_SIGN_STYLE = Automatic;
				COMBINE_HIDPI_IMAGES = YES;
				CURRENT_PROJECT_VERSION = 27;
				DEAD_CODE_STRIPPING = YES;
				DEVELOPMENT_TEAM = 93M47F4H9T;
				ENABLE_APP_SANDBOX = YES;
				ENABLE_HARDENED_RUNTIME = YES;
				ENABLE_INCOMING_NETWORK_CONNECTIONS = NO;
				ENABLE_OUTGOING_NETWORK_CONNECTIONS = NO;
				ENABLE_PREVIEWS = YES;
				ENABLE_RESOURCE_ACCESS_AUDIO_INPUT = NO;
				ENABLE_RESOURCE_ACCESS_BLUETOOTH = NO;
				ENABLE_RESOURCE_ACCESS_CALENDARS = NO;
				ENABLE_RESOURCE_ACCESS_CAMERA = NO;
				ENABLE_RESOURCE_ACCESS_CONTACTS = NO;
				ENABLE_RESOURCE_ACCESS_LOCATION = NO;
				ENABLE_RESOURCE_ACCESS_PHOTO_LIBRARY = NO;
				ENABLE_RESOURCE_ACCESS_PRINTING = NO;
				ENABLE_RESOURCE_ACCESS_USB = NO;
				ENABLE_USER_SELECTED_FILES = readwrite;
				GENERATE_INFOPLIST_FILE = NO;
				INFOPLIST_FILE = "RawCullFB-Info.plist";
				INFOPLIST_KEY_LSApplicationCategoryType = "public.app-category.photography";
				INFOPLIST_KEY_NSHumanReadableCopyright = "";
				LD_RUNPATH_SEARCH_PATHS = (
					"$(inherited)",
					"@executable_path/../Frameworks",
				);
				MARKETING_VERSION = 2.4.2;
				PRODUCT_BUNDLE_IDENTIFIER = no.blogspot.RawCullFB;
				PRODUCT_NAME = "$(TARGET_NAME)";
				REGISTER_APP_GROUPS = YES;
				RUNTIME_EXCEPTION_ALLOW_DYLD_ENVIRONMENT_VARIABLES = NO;
				RUNTIME_EXCEPTION_ALLOW_JIT = NO;
				RUNTIME_EXCEPTION_ALLOW_UNSIGNED_EXECUTABLE_MEMORY = NO;
				RUNTIME_EXCEPTION_DEBUGGING_TOOL = NO;
				RUNTIME_EXCEPTION_DISABLE_EXECUTABLE_PAGE_PROTECTION = NO;
				RUNTIME_EXCEPTION_DISABLE_LIBRARY_VALIDATION = NO;
				STRING_CATALOG_GENERATE_SYMBOLS = YES;
				SWIFT_APPROACHABLE_CONCURRENCY = YES;
				SWIFT_DEFAULT_ACTOR_ISOLATION = MainActor;
				SWIFT_EMIT_LOC_STRINGS = YES;
				SWIFT_UPCOMING_FEATURE_DISABLE_OUTWARD_ACTOR_ISOLATION = YES;
				SWIFT_UPCOMING_FEATURE_MEMBER_IMPORT_VISIBILITY = NO;
				SWIFT_VERSION = 6.0;
			};
			name = Debug;
		};
		FB0000010000000000000016 /* Release */ = {
			isa = XCBuildConfiguration;
			buildSettings = {
				ASSETCATALOG_COMPILER_APPICON_NAME = RawCullFBicon;
				AUTOMATION_APPLE_EVENTS = NO;
				CODE_SIGN_ENTITLEMENTS = RawCullFB.entitlements;
				CODE_SIGN_STYLE = Automatic;
				COMBINE_HIDPI_IMAGES = YES;
				CURRENT_PROJECT_VERSION = 27;
				DEAD_CODE_STRIPPING = YES;
				DEVELOPMENT_TEAM = 93M47F4H9T;
				ENABLE_APP_SANDBOX = YES;
				ENABLE_HARDENED_RUNTIME = YES;
				ENABLE_INCOMING_NETWORK_CONNECTIONS = NO;
				ENABLE_OUTGOING_NETWORK_CONNECTIONS = NO;
				ENABLE_PREVIEWS = YES;
				ENABLE_RESOURCE_ACCESS_AUDIO_INPUT = NO;
				ENABLE_RESOURCE_ACCESS_BLUETOOTH = NO;
				ENABLE_RESOURCE_ACCESS_CALENDARS = NO;
				ENABLE_RESOURCE_ACCESS_CAMERA = NO;
				ENABLE_RESOURCE_ACCESS_CONTACTS = NO;
				ENABLE_RESOURCE_ACCESS_LOCATION = NO;
				ENABLE_RESOURCE_ACCESS_PHOTO_LIBRARY = NO;
				ENABLE_RESOURCE_ACCESS_PRINTING = NO;
				ENABLE_RESOURCE_ACCESS_USB = NO;
				ENABLE_USER_SELECTED_FILES = readwrite;
				GENERATE_INFOPLIST_FILE = NO;
				INFOPLIST_FILE = "RawCullFB-Info.plist";
				INFOPLIST_KEY_LSApplicationCategoryType = "public.app-category.photography";
				INFOPLIST_KEY_NSHumanReadableCopyright = "";
				LD_RUNPATH_SEARCH_PATHS = (
					"$(inherited)",
					"@executable_path/../Frameworks",
				);
				MARKETING_VERSION = 2.4.2;
				PRODUCT_BUNDLE_IDENTIFIER = no.blogspot.RawCullFB;
				PRODUCT_NAME = "$(TARGET_NAME)";
				REGISTER_APP_GROUPS = YES;
				RUNTIME_EXCEPTION_ALLOW_DYLD_ENVIRONMENT_VARIABLES = NO;
				RUNTIME_EXCEPTION_ALLOW_JIT = NO;
				RUNTIME_EXCEPTION_ALLOW_UNSIGNED_EXECUTABLE_MEMORY = NO;
				RUNTIME_EXCEPTION_DEBUGGING_TOOL = NO;
				RUNTIME_EXCEPTION_DISABLE_EXECUTABLE_PAGE_PROTECTION = NO;
				RUNTIME_EXCEPTION_DISABLE_LIBRARY_VALIDATION = NO;
				STRING_CATALOG_GENERATE_SYMBOLS = YES;
				SWIFT_APPROACHABLE_CONCURRENCY = YES;
				SWIFT_DEFAULT_ACTOR_ISOLATION = MainActor;
				SWIFT_EMIT_LOC_STRINGS = YES;
				SWIFT_UPCOMING_FEATURE_DISABLE_OUTWARD_ACTOR_ISOLATION = YES;
				SWIFT_UPCOMING_FEATURE_MEMBER_IMPORT_VISIBILITY = NO;
				SWIFT_VERSION = 6.0;
			};
			name = Release;
		};
		FD000001000000000000000E /* Debug */ = {
			isa = XCBuildConfiguration;
			buildSettings = {
				APPLICATION_EXTENSION_API_ONLY = YES;
				CODE_SIGN_ENTITLEMENTS = RawCullFBModelDownloader/RawCullFBModelDownloader.entitlements;
				CODE_SIGN_STYLE = Automatic;
				CURRENT_PROJECT_VERSION = 27;
				DEAD_CODE_STRIPPING = YES;
				DEVELOPMENT_TEAM = 93M47F4H9T;
				ENABLE_APP_SANDBOX = YES;
				ENABLE_HARDENED_RUNTIME = YES;
				GENERATE_INFOPLIST_FILE = NO;
				INFOPLIST_FILE = RawCullFBModelDownloader/Info.plist;
				LD_RUNPATH_SEARCH_PATHS = (
					"$(inherited)",
					"@executable_path/../Frameworks",
					"@executable_path/../../../../Frameworks",
				);
				MACOSX_DEPLOYMENT_TARGET = 27.0;
				MARKETING_VERSION = 2.4.2;
				PRODUCT_BUNDLE_IDENTIFIER = no.blogspot.RawCullFB.ModelDownloader;
				PRODUCT_NAME = "$(TARGET_NAME)";
				SKIP_INSTALL = YES;
				STRING_CATALOG_GENERATE_SYMBOLS = NO;
				SWIFT_APPROACHABLE_CONCURRENCY = YES;
				SWIFT_DEFAULT_ACTOR_ISOLATION = MainActor;
				SWIFT_EMIT_LOC_STRINGS = NO;
				SWIFT_OPTIMIZATION_LEVEL = "-Onone";
				SWIFT_UPCOMING_FEATURE_DISABLE_OUTWARD_ACTOR_ISOLATION = YES;
				SWIFT_UPCOMING_FEATURE_MEMBER_IMPORT_VISIBILITY = NO;
				SWIFT_VERSION = 6.0;
			};
			name = Debug;
		};
		FD000001000000000000000F /* Release */ = {
			isa = XCBuildConfiguration;
			buildSettings = {
				APPLICATION_EXTENSION_API_ONLY = YES;
				CODE_SIGN_ENTITLEMENTS = RawCullFBModelDownloader/RawCullFBModelDownloader.entitlements;
				CODE_SIGN_STYLE = Automatic;
				CURRENT_PROJECT_VERSION = 27;
				DEAD_CODE_STRIPPING = YES;
				DEVELOPMENT_TEAM = 93M47F4H9T;
				ENABLE_APP_SANDBOX = YES;
				ENABLE_HARDENED_RUNTIME = YES;
				GENERATE_INFOPLIST_FILE = NO;
				INFOPLIST_FILE = RawCullFBModelDownloader/Info.plist;
				LD_RUNPATH_SEARCH_PATHS = (
					"$(inherited)",
					"@executable_path/../Frameworks",
					"@executable_path/../../../../Frameworks",
				);
				MACOSX_DEPLOYMENT_TARGET = 27.0;
				MARKETING_VERSION = 2.4.2;
				PRODUCT_BUNDLE_IDENTIFIER = no.blogspot.RawCullFB.ModelDownloader;
				PRODUCT_NAME = "$(TARGET_NAME)";
				SKIP_INSTALL = YES;
				STRING_CATALOG_GENERATE_SYMBOLS = NO;
				SWIFT_APPROACHABLE_CONCURRENCY = YES;
				SWIFT_DEFAULT_ACTOR_ISOLATION = MainActor;
				SWIFT_EMIT_LOC_STRINGS = NO;
				SWIFT_UPCOMING_FEATURE_DISABLE_OUTWARD_ACTOR_ISOLATION = YES;
				SWIFT_UPCOMING_FEATURE_MEMBER_IMPORT_VISIBILITY = NO;
				SWIFT_VERSION = 6.0;
			};
			name = Release;
		};
/* End XCBuildConfiguration section */

/* Begin XCConfigurationList section */
		FA100001000000000000000A /* Build configuration list for PBXNativeTarget "RawCullFBTests" */ = {
			isa = XCConfigurationList;
			buildConfigurations = (
				FA1000010000000000000015 /* Debug */,
				FA1000010000000000000016 /* Release */,
			);
			defaultConfigurationIsVisible = 0;
			defaultConfigurationName = Release;
		};
		FB000001000000000000000A /* Build configuration list for PBXNativeTarget "RawCullFB" */ = {
			isa = XCConfigurationList;
			buildConfigurations = (
				FB0000010000000000000015 /* Debug */,
				FB0000010000000000000016 /* Release */,
			);
			defaultConfigurationIsVisible = 0;
			defaultConfigurationName = Release;
		};
		FB000001000000000000000E /* Build configuration list for PBXProject "RawCullFB" */ = {
			isa = XCConfigurationList;
			buildConfigurations = (
				FB0000010000000000000013 /* Debug */,
				FB0000010000000000000014 /* Release */,
			);
			defaultConfigurationIsVisible = 0;
			defaultConfigurationName = Release;
		};
		FD0000010000000000000010 /* Build configuration list for PBXNativeTarget "RawCullFBModelDownloader" */ = {
			isa = XCConfigurationList;
			buildConfigurations = (
				FD000001000000000000000E /* Debug */,
				FD000001000000000000000F /* Release */,
			);
			defaultConfigurationIsVisible = 0;
			defaultConfigurationName = Release;
		};
/* End XCConfigurationList section */

/* Begin XCRemoteSwiftPackageReference section */
		E90E89E93028D8D3009F6BCB /* XCRemoteSwiftPackageReference "PhotoAIKit" */ = {
			isa = XCRemoteSwiftPackageReference;
			repositoryURL = "https://github.com/rsyncOSX/PhotoAIKit";
			requirement = {
				kind = revision;
				revision = 6e3216027b267c27ccaf99d334807b18ea1aaec9;
			};
		};
		E9BCDDC72FF6962A004A4A95 /* XCRemoteSwiftPackageReference "RawParserKit" */ = {
			isa = XCRemoteSwiftPackageReference;
			repositoryURL = "https://github.com/rsyncOSX/RawParserKit.git";
			requirement = {
				kind = exactVersion;
				version = 1.2.8;
			};
		};
		FB000001000000000000000F /* XCRemoteSwiftPackageReference "RawCullCore" */ = {
			isa = XCRemoteSwiftPackageReference;
			repositoryURL = "https://github.com/rsyncOSX/RawCullCore.git";
			requirement = {
				kind = exactVersion;
				version = 1.1.2;
			};
		};
/* End XCRemoteSwiftPackageReference section */

/* Begin XCSwiftPackageProductDependency section */
		E90E89EA3028D8D3009F6BCB /* CoreAICLIPBackend */ = {
			isa = XCSwiftPackageProductDependency;
			package = E90E89E93028D8D3009F6BCB /* XCRemoteSwiftPackageReference "PhotoAIKit" */;
			productName = CoreAICLIPBackend;
		};
		E90E89EC3028D8D3009F6BCB /* CoreAIEfficientSAMBackend */ = {
			isa = XCSwiftPackageProductDependency;
			package = E90E89E93028D8D3009F6BCB /* XCRemoteSwiftPackageReference "PhotoAIKit" */;
			productName = CoreAIEfficientSAMBackend;
		};
		E90E89EE3028D8D3009F6BCB /* CoreAISAM3Backend */ = {
			isa = XCSwiftPackageProductDependency;
			package = E90E89E93028D8D3009F6BCB /* XCRemoteSwiftPackageReference "PhotoAIKit" */;
			productName = CoreAISAM3Backend;
		};
		E90E89F03028D8D3009F6BCB /* PhotoAIContracts */ = {
			isa = XCSwiftPackageProductDependency;
			package = E90E89E93028D8D3009F6BCB /* XCRemoteSwiftPackageReference "PhotoAIKit" */;
			productName = PhotoAIContracts;
		};
		E90E89F23028D8D3009F6BCB /* PhotoAIStorage */ = {
			isa = XCSwiftPackageProductDependency;
			package = E90E89E93028D8D3009F6BCB /* XCRemoteSwiftPackageReference "PhotoAIKit" */;
			productName = PhotoAIStorage;
		};
		E90E89F43028D8D3009F6BCB /* PhotoAIWorkflows */ = {
			isa = XCSwiftPackageProductDependency;
			package = E90E89E93028D8D3009F6BCB /* XCRemoteSwiftPackageReference "PhotoAIKit" */;
			productName = PhotoAIWorkflows;
		};
		E90E89F63028D8D3009F6BCB /* VisionFeaturePrintBackend */ = {
			isa = XCSwiftPackageProductDependency;
			package = E90E89E93028D8D3009F6BCB /* XCRemoteSwiftPackageReference "PhotoAIKit" */;
			productName = VisionFeaturePrintBackend;
		};
		E9BCDDC82FF6962A004A4A95 /* RawParserKit */ = {
			isa = XCSwiftPackageProductDependency;
			package = E9BCDDC72FF6962A004A4A95 /* XCRemoteSwiftPackageReference "RawParserKit" */;
			productName = RawParserKit;
		};
		FB0000010000000000000011 /* RawCullCore */ = {
			isa = XCSwiftPackageProductDependency;
			package = FB000001000000000000000F /* XCRemoteSwiftPackageReference "RawCullCore" */;
			productName = RawCullCore;
		};
/* End XCSwiftPackageProductDependency section */
	};
	rootObject = FB000001000000000000000D /* Project object */;
}
